
Microsoft Visual Studio Solution File, Format Version 12.00
# Visual Studio Version 17
VisualStudioVersion = 17.3.32825.248
MinimumVisualStudioVersion = 10.0.40219.1
Project("{FAE04EC0-301F-11D3-BF4B-00C04F79EFBC}") = "SwapDemo", "SwapDemo.csproj", "{E929B94B-76DB-408E-BCBE-CBCA3C99F5E7}"
EndProject
Global
	GlobalSection(SolutionConfigurationPlatforms) = preSolution
		Debug|Any CPU = Debug|Any CPU
		Release|Any CPU = Release|Any CPU
	EndGlobalSection
	GlobalSection(ProjectConfigurationPlatforms) = postSolution
		{E929B94B-76DB-408E-BCBE-CBCA3C99F5E7}.Debug|Any CPU.ActiveCfg = Debug|Any CPU
		{E929B94B-76DB-408E-BCBE-CBCA3C99F5E7}.Debug|Any CPU.Build.0 = Debug|Any CPU
		{E929B94B-76DB-408E-BCBE-CBCA3C99F5E7}.Release|Any CPU.ActiveCfg = Release|Any CPU
		{E929B94B-76DB-408E-BCBE-CBCA3C99F5E7}.Release|Any CPU.Build.0 = Release|Any CPU
	EndGlobalSection
	GlobalSection(SolutionProperties) = preSolution
		HideSolutionNode = FALSE
	EndGlobalSection
	GlobalSection(ExtensibilityGlobals) = postSolution
		SolutionGuid = {00F6653F-DADE-4CBB-8164-790DFAB8A6FA}
	EndGlobalSection
EndGlobal
